
Microsoft Visual Studio Solution File, Format Version 12.00
# Visual Studio Version 16
VisualStudioVersion = 16.0.30717.126
MinimumVisualStudioVersion = 10.0.40219.1
Project("{9A19103F-16F7-4668-BE54-9A1E7A4F7556}") = "Demo1", "Demo1\Demo1.csproj", "{F84B9B17-2DF7-433D-92D8-BCE1ED4EEEEB}"
EndProject
Project("{9A19103F-16F7-4668-BE54-9A1E7A4F7556}") = "Demo2", "Demo2\Demo2.csproj", "{2B1D29FA-A770-4CEA-A09A-3972436EA677}"
EndProject
Project("{9A19103F-16F7-4668-BE54-9A1E7A4F7556}") = "Demo3", "Demo3\Demo3.csproj", "{F3A34417-4BD0-4F2F-8162-85484664EFE0}"
EndProject
Project("{9A19103F-16F7-4668-BE54-9A1E7A4F7556}") = "Demo4", "Demo4\Demo4.csproj", "{6504843A-58B6-45E5-92CB-13C19088F74D}"
EndProject
Project("{9A19103F-16F7-4668-BE54-9A1E7A4F7556}") = "Demo5", "Demo5\Demo5.csproj", "{585834D1-47E7-41CE-B044-DB12AD2F7B1A}"
EndProject
Project("{9A19103F-16F7-4668-BE54-9A1E7A4F7556}") = "OefeningLinq", "OefeningLinq\OefeningLinq.csproj", "{AA69718E-649C-4E59-8F3D-9F6760AC50F7}"
EndProject
Project("{9A19103F-16F7-4668-BE54-9A1E7A4F7556}") = "Demo9", "Demo9\Demo9.csproj", "{C3913A15-101E-4FBC-AC78-0863C3819FAD}"
EndProject
Project("{9A19103F-16F7-4668-BE54-9A1E7A4F7556}") = "Demo10", "Demo10\Demo10.csproj", "{E7D6DAA5-7BD1-4485-8014-B2554B6A35FE}"
EndProject
Project("{9A19103F-16F7-4668-BE54-9A1E7A4F7556}") = "Demo11", "Demo11\Demo11.csproj", "{3097875C-40A4-4D41-A9FA-2C58043CE3E2}"
EndProject
Project("{9A19103F-16F7-4668-BE54-9A1E7A4F7556}") = "Demo12", "Demo12\Demo12.csproj", "{04EFAFEE-F914-41CB-A01C-C505EBB37DCB}"
EndProject
Project("{9A19103F-16F7-4668-BE54-9A1E7A4F7556}") = "Demo13", "Demo13\Demo13.csproj", "{543F9F06-BCC3-4473-B53C-02A2F8151DAA}"
EndProject
Project("{9A19103F-16F7-4668-BE54-9A1E7A4F7556}") = "Demo14", "Demo14\Demo14.csproj", "{BBB347D4-370A-4C9D-AB86-B4350CB5BFFC}"
EndProject
Project("{9A19103F-16F7-4668-BE54-9A1E7A4F7556}") = "Demo15", "Demo15\Demo15.csproj", "{F2FC9669-3183-4603-85B1-1121E0C1AB62}"
EndProject
Project("{9A19103F-16F7-4668-BE54-9A1E7A4F7556}") = "Demo16", "Demo16\Demo16.csproj", "{2A5F7BDE-756E-4A8E-A8B2-BDDA3F602355}"
EndProject
Project("{9A19103F-16F7-4668-BE54-9A1E7A4F7556}") = "Demo17", "Demo17\Demo17.csproj", "{8DFEC400-2735-4CF9-B382-E8FD6E2AD86F}"
EndProject
Project("{9A19103F-16F7-4668-BE54-9A1E7A4F7556}") = "Demo18", "Demo18\Demo18.csproj", "{DFED8385-F8FF-4B78-97F6-0155820D8A91}"
EndProject
Project("{9A19103F-16F7-4668-BE54-9A1E7A4F7556}") = "Demo19", "Demo19\Demo19.csproj", "{9E927EE0-9EFC-4545-8648-400F16E8048E}"
EndProject
Project("{9A19103F-16F7-4668-BE54-9A1E7A4F7556}") = "Demo20", "Demo20\Demo20.csproj", "{FB71DF3A-9D21-4EF9-81D5-02A8010EBB6F}"
EndProject
Project("{9A19103F-16F7-4668-BE54-9A1E7A4F7556}") = "DemoGroupBy", "DemoGroupBy\DemoGroupBy.csproj", "{C3D18476-949E-484F-AAFE-3E744D6DA685}"
EndProject
Project("{9A19103F-16F7-4668-BE54-9A1E7A4F7556}") = "DemoSetOperaties", "DemoUnion\DemoSetOperaties.csproj", "{5040A84A-5176-4E51-AB1E-6D9E175224CE}"
EndProject
Project("{FAE04EC0-301F-11D3-BF4B-00C04F79EFBC}") = "DemoJoins", "DemoJoins\DemoJoins.csproj", "{EB3EE91A-23CA-44AF-84BF-11E57D13DB05}"
EndProject
Global
	GlobalSection(SolutionConfigurationPlatforms) = preSolution
		Debug|Any CPU = Debug|Any CPU
		Release|Any CPU = Release|Any CPU
	EndGlobalSection
	GlobalSection(ProjectConfigurationPlatforms) = postSolution
		{F84B9B17-2DF7-433D-92D8-BCE1ED4EEEEB}.Debug|Any CPU.ActiveCfg = Debug|Any CPU
		{F84B9B17-2DF7-433D-92D8-BCE1ED4EEEEB}.Debug|Any CPU.Build.0 = Debug|Any CPU
		{F84B9B17-2DF7-433D-92D8-BCE1ED4EEEEB}.Release|Any CPU.ActiveCfg = Release|Any CPU
		{F84B9B17-2DF7-433D-92D8-BCE1ED4EEEEB}.Release|Any CPU.Build.0 = Release|Any CPU
		{2B1D29FA-A770-4CEA-A09A-3972436EA677}.Debug|Any CPU.ActiveCfg = Debug|Any CPU
		{2B1D29FA-A770-4CEA-A09A-3972436EA677}.Debug|Any CPU.Build.0 = Debug|Any CPU
		{2B1D29FA-A770-4CEA-A09A-3972436EA677}.Release|Any CPU.ActiveCfg = Release|Any CPU
		{2B1D29FA-A770-4CEA-A09A-3972436EA677}.Release|Any CPU.Build.0 = Release|Any CPU
		{F3A34417-4BD0-4F2F-8162-85484664EFE0}.Debug|Any CPU.ActiveCfg = Debug|Any CPU
		{F3A34417-4BD0-4F2F-8162-85484664EFE0}.Debug|Any CPU.Build.0 = Debug|Any CPU
		{F3A34417-4BD0-4F2F-8162-85484664EFE0}.Release|Any CPU.ActiveCfg = Release|Any CPU
		{F3A34417-4BD0-4F2F-8162-85484664EFE0}.Release|Any CPU.Build.0 = Release|Any CPU
		{6504843A-58B6-45E5-92CB-13C19088F74D}.Debug|Any CPU.ActiveCfg = Debug|Any CPU
		{6504843A-58B6-45E5-92CB-13C19088F74D}.Debug|Any CPU.Build.0 = Debug|Any CPU
		{6504843A-58B6-45E5-92CB-13C19088F74D}.Release|Any CPU.ActiveCfg = Release|Any CPU
		{6504843A-58B6-45E5-92CB-13C19088F74D}.Release|Any CPU.Build.0 = Release|Any CPU
		{585834D1-47E7-41CE-B044-DB12AD2F7B1A}.Debug|Any CPU.ActiveCfg = Debug|Any CPU
		{585834D1-47E7-41CE-B044-DB12AD2F7B1A}.Debug|Any CPU.Build.0 = Debug|Any CPU
		{585834D1-47E7-41CE-B044-DB12AD2F7B1A}.Release|Any CPU.ActiveCfg = Release|Any CPU
		{585834D1-47E7-41CE-B044-DB12AD2F7B1A}.Release|Any CPU.Build.0 = Release|Any CPU
		{AA69718E-649C-4E59-8F3D-9F6760AC50F7}.Debug|Any CPU.ActiveCfg = Debug|Any CPU
		{AA69718E-649C-4E59-8F3D-9F6760AC50F7}.Debug|Any CPU.Build.0 = Debug|Any CPU
		{AA69718E-649C-4E59-8F3D-9F6760AC50F7}.Release|Any CPU.ActiveCfg = Release|Any CPU
		{AA69718E-649C-4E59-8F3D-9F6760AC50F7}.Release|Any CPU.Build.0 = Release|Any CPU
		{C3913A15-101E-4FBC-AC78-0863C3819FAD}.Debug|Any CPU.ActiveCfg = Debug|Any CPU
		{C3913A15-101E-4FBC-AC78-0863C3819FAD}.Debug|Any CPU.Build.0 = Debug|Any CPU
		{C3913A15-101E-4FBC-AC78-0863C3819FAD}.Release|Any CPU.ActiveCfg = Release|Any CPU
		{C3913A15-101E-4FBC-AC78-0863C3819FAD}.Release|Any CPU.Build.0 = Release|Any CPU
		{E7D6DAA5-7BD1-4485-8014-B2554B6A35FE}.Debug|Any CPU.ActiveCfg = Debug|Any CPU
		{E7D6DAA5-7BD1-4485-8014-B2554B6A35FE}.Debug|Any CPU.Build.0 = Debug|Any CPU
		{E7D6DAA5-7BD1-4485-8014-B2554B6A35FE}.Release|Any CPU.ActiveCfg = Release|Any CPU
		{E7D6DAA5-7BD1-4485-8014-B2554B6A35FE}.Release|Any CPU.Build.0 = Release|Any CPU
		{3097875C-40A4-4D41-A9FA-2C58043CE3E2}.Debug|Any CPU.ActiveCfg = Debug|Any CPU
		{3097875C-40A4-4D41-A9FA-2C58043CE3E2}.Debug|Any CPU.Build.0 = Debug|Any CPU
		{3097875C-40A4-4D41-A9FA-2C58043CE3E2}.Release|Any CPU.ActiveCfg = Release|Any CPU
		{3097875C-40A4-4D41-A9FA-2C58043CE3E2}.Release|Any CPU.Build.0 = Release|Any CPU
		{04EFAFEE-F914-41CB-A01C-C505EBB37DCB}.Debug|Any CPU.ActiveCfg = Debug|Any CPU
		{04EFAFEE-F914-41CB-A01C-C505EBB37DCB}.Debug|Any CPU.Build.0 = Debug|Any CPU
		{04EFAFEE-F914-41CB-A01C-C505EBB37DCB}.Release|Any CPU.ActiveCfg = Release|Any CPU
		{04EFAFEE-F914-41CB-A01C-C505EBB37DCB}.Release|Any CPU.Build.0 = Release|Any CPU
		{543F9F06-BCC3-4473-B53C-02A2F8151DAA}.Debug|Any CPU.ActiveCfg = Debug|Any CPU
		{543F9F06-BCC3-4473-B53C-02A2F8151DAA}.Debug|Any CPU.Build.0 = Debug|Any CPU
		{543F9F06-BCC3-4473-B53C-02A2F8151DAA}.Release|Any CPU.ActiveCfg = Release|Any CPU
		{543F9F06-BCC3-4473-B53C-02A2F8151DAA}.Release|Any CPU.Build.0 = Release|Any CPU
		{BBB347D4-370A-4C9D-AB86-B4350CB5BFFC}.Debug|Any CPU.ActiveCfg = Debug|Any CPU
		{BBB347D4-370A-4C9D-AB86-B4350CB5BFFC}.Debug|Any CPU.Build.0 = Debug|Any CPU
		{BBB347D4-370A-4C9D-AB86-B4350CB5BFFC}.Release|Any CPU.ActiveCfg = Release|Any CPU
		{BBB347D4-370A-4C9D-AB86-B4350CB5BFFC}.Release|Any CPU.Build.0 = Release|Any CPU
		{F2FC9669-3183-4603-85B1-1121E0C1AB62}.Debug|Any CPU.ActiveCfg = Debug|Any CPU
		{F2FC9669-3183-4603-85B1-1121E0C1AB62}.Debug|Any CPU.Build.0 = Debug|Any CPU
		{F2FC9669-3183-4603-85B1-1121E0C1AB62}.Release|Any CPU.ActiveCfg = Release|Any CPU
		{F2FC9669-3183-4603-85B1-1121E0C1AB62}.Release|Any CPU.Build.0 = Release|Any CPU
		{2A5F7BDE-756E-4A8E-A8B2-BDDA3F602355}.Debug|Any CPU.ActiveCfg = Debug|Any CPU
		{2A5F7BDE-756E-4A8E-A8B2-BDDA3F602355}.Debug|Any CPU.Build.0 = Debug|Any CPU
		{2A5F7BDE-756E-4A8E-A8B2-BDDA3F602355}.Release|Any CPU.ActiveCfg = Release|Any CPU
		{2A5F7BDE-756E-4A8E-A8B2-BDDA3F602355}.Release|Any CPU.Build.0 = Release|Any CPU
		{8DFEC400-2735-4CF9-B382-E8FD6E2AD86F}.Debug|Any CPU.ActiveCfg = Debug|Any CPU
		{8DFEC400-2735-4CF9-B382-E8FD6E2AD86F}.Debug|Any CPU.Build.0 = Debug|Any CPU
		{8DFEC400-2735-4CF9-B382-E8FD6E2AD86F}.Release|Any CPU.ActiveCfg = Release|Any CPU
		{8DFEC400-2735-4CF9-B382-E8FD6E2AD86F}.Release|Any CPU.Build.0 = Release|Any CPU
		{DFED8385-F8FF-4B78-97F6-0155820D8A91}.Debug|Any CPU.ActiveCfg = Debug|Any CPU
		{DFED8385-F8FF-4B78-97F6-0155820D8A91}.Debug|Any CPU.Build.0 = Debug|Any CPU
		{DFED8385-F8FF-4B78-97F6-0155820D8A91}.Release|Any CPU.ActiveCfg = Release|Any CPU
		{DFED8385-F8FF-4B78-97F6-0155820D8A91}.Release|Any CPU.Build.0 = Release|Any CPU
		{9E927EE0-9EFC-4545-8648-400F16E8048E}.Debug|Any CPU.ActiveCfg = Debug|Any CPU
		{9E927EE0-9EFC-4545-8648-400F16E8048E}.Debug|Any CPU.Build.0 = Debug|Any CPU
		{9E927EE0-9EFC-4545-8648-400F16E8048E}.Release|Any CPU.ActiveCfg = Release|Any CPU
		{9E927EE0-9EFC-4545-8648-400F16E8048E}.Release|Any CPU.Build.0 = Release|Any CPU
		{FB71DF3A-9D21-4EF9-81D5-02A8010EBB6F}.Debug|Any CPU.ActiveCfg = Debug|Any CPU
		{FB71DF3A-9D21-4EF9-81D5-02A8010EBB6F}.Debug|Any CPU.Build.0 = Debug|Any CPU
		{FB71DF3A-9D21-4EF9-81D5-02A8010EBB6F}.Release|Any CPU.ActiveCfg = Release|Any CPU
		{FB71DF3A-9D21-4EF9-81D5-02A8010EBB6F}.Release|Any CPU.Build.0 = Release|Any CPU
		{C3D18476-949E-484F-AAFE-3E744D6DA685}.Debug|Any CPU.ActiveCfg = Debug|Any CPU
		{C3D18476-949E-484F-AAFE-3E744D6DA685}.Debug|Any CPU.Build.0 = Debug|Any CPU
		{C3D18476-949E-484F-AAFE-3E744D6DA685}.Release|Any CPU.ActiveCfg = Release|Any CPU
		{C3D18476-949E-484F-AAFE-3E744D6DA685}.Release|Any CPU.Build.0 = Release|Any CPU
		{5040A84A-5176-4E51-AB1E-6D9E175224CE}.Debug|Any CPU.ActiveCfg = Debug|Any CPU
		{5040A84A-5176-4E51-AB1E-6D9E175224CE}.Debug|Any CPU.Build.0 = Debug|Any CPU
		{5040A84A-5176-4E51-AB1E-6D9E175224CE}.Release|Any CPU.ActiveCfg = Release|Any CPU
		{5040A84A-5176-4E51-AB1E-6D9E175224CE}.Release|Any CPU.Build.0 = Release|Any CPU
		{EB3EE91A-23CA-44AF-84BF-11E57D13DB05}.Debug|Any CPU.ActiveCfg = Debug|Any CPU
		{EB3EE91A-23CA-44AF-84BF-11E57D13DB05}.Debug|Any CPU.Build.0 = Debug|Any CPU
		{EB3EE91A-23CA-44AF-84BF-11E57D13DB05}.Release|Any CPU.ActiveCfg = Release|Any CPU
		{EB3EE91A-23CA-44AF-84BF-11E57D13DB05}.Release|Any CPU.Build.0 = Release|Any CPU
	EndGlobalSection
	GlobalSection(SolutionProperties) = preSolution
		HideSolutionNode = FALSE
	EndGlobalSection
	GlobalSection(ExtensibilityGlobals) = postSolution
		SolutionGuid = {1A78DFD1-0ADF-4DB5-8B2C-DDD337C4A597}
	EndGlobalSection
EndGlobal
