
Microsoft Visual Studio Solution File, Format Version 12.00
# Visual Studio Version 16
VisualStudioVersion = 16.0.30717.126
MinimumVisualStudioVersion = 10.0.40219.1
Project("{FAE04EC0-301F-11D3-BF4B-00C04F79EFBC}") = "Demo1", "Demo1\Demo1.csproj", "{F84B9B17-2DF7-433D-92D8-BCE1ED4EEEEB}"
EndProject
Project("{FAE04EC0-301F-11D3-BF4B-00C04F79EFBC}") = "Demo2", "Demo2\Demo2.csproj", "{2B1D29FA-A770-4CEA-A09A-3972436EA677}"
EndProject
Project("{FAE04EC0-301F-11D3-BF4B-00C04F79EFBC}") = "Demo3", "Demo3\Demo3.csproj", "{F3A34417-4BD0-4F2F-8162-85484664EFE0}"
EndProject
Project("{FAE04EC0-301F-11D3-BF4B-00C04F79EFBC}") = "Demo4", "Demo4\Demo4.csproj", "{6504843A-58B6-45E5-92CB-13C19088F74D}"
EndProject
Project("{FAE04EC0-301F-11D3-BF4B-00C04F79EFBC}") = "Demo5", "Demo5\Demo5.csproj", "{585834D1-47E7-41CE-B044-DB12AD2F7B1A}"
EndProject
Global
	GlobalSection(SolutionConfigurationPlatforms) = preSolution
		Debug|Any CPU = Debug|Any CPU
		Release|Any CPU = Release|Any CPU
	EndGlobalSection
	GlobalSection(ProjectConfigurationPlatforms) = postSolution
		{F84B9B17-2DF7-433D-92D8-BCE1ED4EEEEB}.Debug|Any CPU.ActiveCfg = Debug|Any CPU
		{F84B9B17-2DF7-433D-92D8-BCE1ED4EEEEB}.Debug|Any CPU.Build.0 = Debug|Any CPU
		{F84B9B17-2DF7-433D-92D8-BCE1ED4EEEEB}.Release|Any CPU.ActiveCfg = Release|Any CPU
		{F84B9B17-2DF7-433D-92D8-BCE1ED4EEEEB}.Release|Any CPU.Build.0 = Release|Any CPU
		{2B1D29FA-A770-4CEA-A09A-3972436EA677}.Debug|Any CPU.ActiveCfg = Debug|Any CPU
		{2B1D29FA-A770-4CEA-A09A-3972436EA677}.Debug|Any CPU.Build.0 = Debug|Any CPU
		{2B1D29FA-A770-4CEA-A09A-3972436EA677}.Release|Any CPU.ActiveCfg = Release|Any CPU
		{2B1D29FA-A770-4CEA-A09A-3972436EA677}.Release|Any CPU.Build.0 = Release|Any CPU
		{F3A34417-4BD0-4F2F-8162-85484664EFE0}.Debug|Any CPU.ActiveCfg = Debug|Any CPU
		{F3A34417-4BD0-4F2F-8162-85484664EFE0}.Debug|Any CPU.Build.0 = Debug|Any CPU
		{F3A34417-4BD0-4F2F-8162-85484664EFE0}.Release|Any CPU.ActiveCfg = Release|Any CPU
		{F3A34417-4BD0-4F2F-8162-85484664EFE0}.Release|Any CPU.Build.0 = Release|Any CPU
		{6504843A-58B6-45E5-92CB-13C19088F74D}.Debug|Any CPU.ActiveCfg = Debug|Any CPU
		{6504843A-58B6-45E5-92CB-13C19088F74D}.Debug|Any CPU.Build.0 = Debug|Any CPU
		{6504843A-58B6-45E5-92CB-13C19088F74D}.Release|Any CPU.ActiveCfg = Release|Any CPU
		{6504843A-58B6-45E5-92CB-13C19088F74D}.Release|Any CPU.Build.0 = Release|Any CPU
		{585834D1-47E7-41CE-B044-DB12AD2F7B1A}.Debug|Any CPU.ActiveCfg = Debug|Any CPU
		{585834D1-47E7-41CE-B044-DB12AD2F7B1A}.Debug|Any CPU.Build.0 = Debug|Any CPU
		{585834D1-47E7-41CE-B044-DB12AD2F7B1A}.Release|Any CPU.ActiveCfg = Release|Any CPU
		{585834D1-47E7-41CE-B044-DB12AD2F7B1A}.Release|Any CPU.Build.0 = Release|Any CPU
	EndGlobalSection
	GlobalSection(SolutionProperties) = preSolution
		HideSolutionNode = FALSE
	EndGlobalSection
	GlobalSection(ExtensibilityGlobals) = postSolution
		SolutionGuid = {1A78DFD1-0ADF-4DB5-8B2C-DDD337C4A597}
	EndGlobalSection
EndGlobal
